// !$*UTF8*$!
{
	archiveVersion = 1;
	classes = {
	};
	objectVersion = 55;
	objects = {

/* Begin PBXBuildFile section */
		4A4A73FD29F668BA000912A8 /* IntroViewController.swift in Sources */ = {isa = PBXBuildFile; fileRef = 4A4A73FC29F668BA000912A8 /* IntroViewController.swift */; };
		4A4A740129F668D2000912A8 /* Slide.swift in Sources */ = {isa = PBXBuildFile; fileRef = 4A4A73FF29F668D2000912A8 /* Slide.swift */; };
		4A835A4A29F8044800E13144 /* WelcomeViewController.swift in Sources */ = {isa = PBXBuildFile; fileRef = 4A835A4929F8044800E13144 /* WelcomeViewController.swift */; };
		4ACBED302A07BE4900255740 /* TableViewExtension.swift in Sources */ = {isa = PBXBuildFile; fileRef = 4ACBED2F2A07BE4900255740 /* TableViewExtension.swift */; };
		4AE5C0FD2A09202C0006A225 /* QuotesResponse.swift in Sources */ = {isa = PBXBuildFile; fileRef = 4AE5C0FC2A09202C0006A225 /* QuotesResponse.swift */; };
		4AE9344929F7E07500176EEF /* RooneySansBlkIt.OTF in Resources */ = {isa = PBXBuildFile; fileRef = 4AE9343D29F7E07400176EEF /* RooneySansBlkIt.OTF */; };
		4AE9344A29F7E07500176EEF /* RooneySansMediumIt.otf in Resources */ = {isa = PBXBuildFile; fileRef = 4AE9343E29F7E07400176EEF /* RooneySansMediumIt.otf */; };
		4AE9344B29F7E07500176EEF /* RooneySansHvIt.OTF in Resources */ = {isa = PBXBuildFile; fileRef = 4AE9343F29F7E07400176EEF /* RooneySansHvIt.OTF */; };
		4AE9344C29F7E07500176EEF /* RooneySansBold.OTF in Resources */ = {isa = PBXBuildFile; fileRef = 4AE9344029F7E07400176EEF /* RooneySansBold.OTF */; };
		4AE9344D29F7E07500176EEF /* RooneySansItalic.OTF in Resources */ = {isa = PBXBuildFile; fileRef = 4AE9344129F7E07400176EEF /* RooneySansItalic.OTF */; };
		4AE9344E29F7E07500176EEF /* RooneySansLightIt.OTF in Resources */ = {isa = PBXBuildFile; fileRef = 4AE9344229F7E07400176EEF /* RooneySansLightIt.OTF */; };
		4AE9344F29F7E07500176EEF /* RooneySansBlk.OTF in Resources */ = {isa = PBXBuildFile; fileRef = 4AE9344329F7E07400176EEF /* RooneySansBlk.OTF */; };
		4AE9345029F7E07500176EEF /* RooneySansHv.OTF in Resources */ = {isa = PBXBuildFile; fileRef = 4AE9344429F7E07400176EEF /* RooneySansHv.OTF */; };
		4AE9345129F7E07500176EEF /* RooneySansBoldIt.OTF in Resources */ = {isa = PBXBuildFile; fileRef = 4AE9344529F7E07400176EEF /* RooneySansBoldIt.OTF */; };
		4AE9345229F7E07500176EEF /* RooneySansLight.OTF in Resources */ = {isa = PBXBuildFile; fileRef = 4AE9344629F7E07400176EEF /* RooneySansLight.OTF */; };
		4AE9345329F7E07500176EEF /* RooneySansMedium.OTF in Resources */ = {isa = PBXBuildFile; fileRef = 4AE9344729F7E07500176EEF /* RooneySansMedium.OTF */; };
		4AE9345429F7E07500176EEF /* RooneySansRegular.OTF in Resources */ = {isa = PBXBuildFile; fileRef = 4AE9344829F7E07500176EEF /* RooneySansRegular.OTF */; };
		4AE9345829F7E4DB00176EEF /* Slide.xib in Resources */ = {isa = PBXBuildFile; fileRef = 4AE9345729F7E4DB00176EEF /* Slide.xib */; };
		4AEF448229FA4FFC00A0C110 /* CircularProgressView.swift in Sources */ = {isa = PBXBuildFile; fileRef = 4AEF448129FA4FFC00A0C110 /* CircularProgressView.swift */; };
		4AF483772A0A3F3900DF5BEA /* JustifyExtension.swift in Sources */ = {isa = PBXBuildFile; fileRef = 4AF483762A0A3F3900DF5BEA /* JustifyExtension.swift */; };
		905706C960B143599307698A /* Pods_Habit21.framework in Frameworks */ = {isa = PBXBuildFile; fileRef = 02805560C5ED1AFC5339729F /* Pods_Habit21.framework */; };
		FF18A48227BBF5DF001CCA4B /* SetNameViewController.swift in Sources */ = {isa = PBXBuildFile; fileRef = FF18A48127BBF5DF001CCA4B /* SetNameViewController.swift */; };
		FF48981C27C21A0F00A908EA /* DropDownTableViewCell.swift in Sources */ = {isa = PBXBuildFile; fileRef = FF48981B27C21A0F00A908EA /* DropDownTableViewCell.swift */; };
		FF69D45427940B1F00BAB352 /* Habit.swift in Sources */ = {isa = PBXBuildFile; fileRef = FF69D45327940B1F00BAB352 /* Habit.swift */; };
		FF69D45627940C0B00BAB352 /* HabitTableViewCell.swift in Sources */ = {isa = PBXBuildFile; fileRef = FF69D45527940C0B00BAB352 /* HabitTableViewCell.swift */; };
		FF81A4BE278ED4DA0051D318 /* ReminderTableViewCell.swift in Sources */ = {isa = PBXBuildFile; fileRef = FF81A4BD278ED4DA0051D318 /* ReminderTableViewCell.swift */; };
		FF81A4C0278ED6E80051D318 /* Reminder.swift in Sources */ = {isa = PBXBuildFile; fileRef = FF81A4BF278ED6E80051D318 /* Reminder.swift */; };
		FFA00DF02789B63D00F5FCFD /* AppDelegate.swift in Sources */ = {isa = PBXBuildFile; fileRef = FFA00DEF2789B63D00F5FCFD /* AppDelegate.swift */; };
		FFA00DF72789B63D00F5FCFD /* Main.storyboard in Resources */ = {isa = PBXBuildFile; fileRef = FFA00DF52789B63D00F5FCFD /* Main.storyboard */; };
		FFA00DF92789B64000F5FCFD /* Assets.xcassets in Resources */ = {isa = PBXBuildFile; fileRef = FFA00DF82789B64000F5FCFD /* Assets.xcassets */; };
		FFA00DFC2789B64000F5FCFD /* LaunchScreen.storyboard in Resources */ = {isa = PBXBuildFile; fileRef = FFA00DFA2789B64000F5FCFD /* LaunchScreen.storyboard */; };
		FFA00E262789DB1F00F5FCFD /* AddHabitViewController.swift in Sources */ = {isa = PBXBuildFile; fileRef = FFA00E252789DB1F00F5FCFD /* AddHabitViewController.swift */; };
		FFA00E2A2789E14E00F5FCFD /* HomeViewController.swift in Sources */ = {isa = PBXBuildFile; fileRef = FFA00E292789E14E00F5FCFD /* HomeViewController.swift */; };
		FFEFBCB327C3997800CBAF1E /* CornerExtension.swift in Sources */ = {isa = PBXBuildFile; fileRef = FFEFBCB227C3997800CBAF1E /* CornerExtension.swift */; };
		FFEFBCB527C39EC400CBAF1E /* PlaceholderExtension.swift in Sources */ = {isa = PBXBuildFile; fileRef = FFEFBCB427C39EC400CBAF1E /* PlaceholderExtension.swift */; };
/* End PBXBuildFile section */

/* Begin PBXFileReference section */
		02805560C5ED1AFC5339729F /* Pods_Habit21.framework */ = {isa = PBXFileReference; explicitFileType = wrapper.framework; includeInIndex = 0; path = Pods_Habit21.framework; sourceTree = BUILT_PRODUCTS_DIR; };
		0478EC3CBEB0B2C8AFE759C9 /* Pods-Habit21.debug.xcconfig */ = {isa = PBXFileReference; includeInIndex = 1; lastKnownFileType = text.xcconfig; name = "Pods-Habit21.debug.xcconfig"; path = "Target Support Files/Pods-Habit21/Pods-Habit21.debug.xcconfig"; sourceTree = "<group>"; };
		4A4A73FC29F668BA000912A8 /* IntroViewController.swift */ = {isa = PBXFileReference; fileEncoding = 4; lastKnownFileType = sourcecode.swift; path = IntroViewController.swift; sourceTree = "<group>"; };
		4A4A73FF29F668D2000912A8 /* Slide.swift */ = {isa = PBXFileReference; fileEncoding = 4; lastKnownFileType = sourcecode.swift; path = Slide.swift; sourceTree = "<group>"; };
		4A835A4929F8044800E13144 /* WelcomeViewController.swift */ = {isa = PBXFileReference; lastKnownFileType = sourcecode.swift; path = WelcomeViewController.swift; sourceTree = "<group>"; };
		4ACBED2F2A07BE4900255740 /* TableViewExtension.swift */ = {isa = PBXFileReference; lastKnownFileType = sourcecode.swift; path = TableViewExtension.swift; sourceTree = "<group>"; };
		4AE5C0FC2A09202C0006A225 /* QuotesResponse.swift */ = {isa = PBXFileReference; fileEncoding = 4; lastKnownFileType = sourcecode.swift; path = QuotesResponse.swift; sourceTree = "<group>"; };
		4AE9343D29F7E07400176EEF /* RooneySansBlkIt.OTF */ = {isa = PBXFileReference; lastKnownFileType = file; path = RooneySansBlkIt.OTF; sourceTree = "<group>"; };
		4AE9343E29F7E07400176EEF /* RooneySansMediumIt.otf */ = {isa = PBXFileReference; lastKnownFileType = file; path = RooneySansMediumIt.otf; sourceTree = "<group>"; };
		4AE9343F29F7E07400176EEF /* RooneySansHvIt.OTF */ = {isa = PBXFileReference; lastKnownFileType = file; path = RooneySansHvIt.OTF; sourceTree = "<group>"; };
		4AE9344029F7E07400176EEF /* RooneySansBold.OTF */ = {isa = PBXFileReference; lastKnownFileType = file; path = RooneySansBold.OTF; sourceTree = "<group>"; };
		4AE9344129F7E07400176EEF /* RooneySansItalic.OTF */ = {isa = PBXFileReference; lastKnownFileType = file; path = RooneySansItalic.OTF; sourceTree = "<group>"; };
		4AE9344229F7E07400176EEF /* RooneySansLightIt.OTF */ = {isa = PBXFileReference; lastKnownFileType = file; path = RooneySansLightIt.OTF; sourceTree = "<group>"; };
		4AE9344329F7E07400176EEF /* RooneySansBlk.OTF */ = {isa = PBXFileReference; lastKnownFileType = file; path = RooneySansBlk.OTF; sourceTree = "<group>"; };
		4AE9344429F7E07400176EEF /* RooneySansHv.OTF */ = {isa = PBXFileReference; lastKnownFileType = file; path = RooneySansHv.OTF; sourceTree = "<group>"; };
		4AE9344529F7E07400176EEF /* RooneySansBoldIt.OTF */ = {isa = PBXFileReference; lastKnownFileType = file; path = RooneySansBoldIt.OTF; sourceTree = "<group>"; };
		4AE9344629F7E07400176EEF /* RooneySansLight.OTF */ = {isa = PBXFileReference; lastKnownFileType = file; path = RooneySansLight.OTF; sourceTree = "<group>"; };
		4AE9344729F7E07500176EEF /* RooneySansMedium.OTF */ = {isa = PBXFileReference; lastKnownFileType = file; path = RooneySansMedium.OTF; sourceTree = "<group>"; };
		4AE9344829F7E07500176EEF /* RooneySansRegular.OTF */ = {isa = PBXFileReference; lastKnownFileType = file; path = RooneySansRegular.OTF; sourceTree = "<group>"; };
		4AE9345729F7E4DB00176EEF /* Slide.xib */ = {isa = PBXFileReference; fileEncoding = 4; lastKnownFileType = file.xib; path = Slide.xib; sourceTree = "<group>"; };
		4AEF448129FA4FFC00A0C110 /* CircularProgressView.swift */ = {isa = PBXFileReference; fileEncoding = 4; lastKnownFileType = sourcecode.swift; path = CircularProgressView.swift; sourceTree = "<group>"; };
		4AF483762A0A3F3900DF5BEA /* JustifyExtension.swift */ = {isa = PBXFileReference; lastKnownFileType = sourcecode.swift; path = JustifyExtension.swift; sourceTree = "<group>"; };
		B69AF628FCEDAF5DC736E759 /* Pods-Habit21.release.xcconfig */ = {isa = PBXFileReference; includeInIndex = 1; lastKnownFileType = text.xcconfig; name = "Pods-Habit21.release.xcconfig"; path = "Target Support Files/Pods-Habit21/Pods-Habit21.release.xcconfig"; sourceTree = "<group>"; };
		FF18A48127BBF5DF001CCA4B /* SetNameViewController.swift */ = {isa = PBXFileReference; lastKnownFileType = sourcecode.swift; path = SetNameViewController.swift; sourceTree = "<group>"; };
		FF48981B27C21A0F00A908EA /* DropDownTableViewCell.swift */ = {isa = PBXFileReference; lastKnownFileType = sourcecode.swift; path = DropDownTableViewCell.swift; sourceTree = "<group>"; };
		FF69D45327940B1F00BAB352 /* Habit.swift */ = {isa = PBXFileReference; lastKnownFileType = sourcecode.swift; path = Habit.swift; sourceTree = "<group>"; };
		FF69D45527940C0B00BAB352 /* HabitTableViewCell.swift */ = {isa = PBXFileReference; lastKnownFileType = sourcecode.swift; path = HabitTableViewCell.swift; sourceTree = "<group>"; };
		FF81A4BD278ED4DA0051D318 /* ReminderTableViewCell.swift */ = {isa = PBXFileReference; lastKnownFileType = sourcecode.swift; path = ReminderTableViewCell.swift; sourceTree = "<group>"; };
		FF81A4BF278ED6E80051D318 /* Reminder.swift */ = {isa = PBXFileReference; lastKnownFileType = sourcecode.swift; path = Reminder.swift; sourceTree = "<group>"; };
		FFA00DEC2789B63D00F5FCFD /* Habit21.app */ = {isa = PBXFileReference; explicitFileType = wrapper.application; includeInIndex = 0; path = Habit21.app; sourceTree = BUILT_PRODUCTS_DIR; };
		FFA00DEF2789B63D00F5FCFD /* AppDelegate.swift */ = {isa = PBXFileReference; lastKnownFileType = sourcecode.swift; path = AppDelegate.swift; sourceTree = "<group>"; };
		FFA00DF62789B63D00F5FCFD /* Base */ = {isa = PBXFileReference; lastKnownFileType = file.storyboard; name = Base; path = Base.lproj/Main.storyboard; sourceTree = "<group>"; };
		FFA00DF82789B64000F5FCFD /* Assets.xcassets */ = {isa = PBXFileReference; lastKnownFileType = folder.assetcatalog; path = Assets.xcassets; sourceTree = "<group>"; };
		FFA00DFB2789B64000F5FCFD /* Base */ = {isa = PBXFileReference; lastKnownFileType = file.storyboard; name = Base; path = Base.lproj/LaunchScreen.storyboard; sourceTree = "<group>"; };
		FFA00DFD2789B64000F5FCFD /* Info.plist */ = {isa = PBXFileReference; lastKnownFileType = text.plist.xml; path = Info.plist; sourceTree = "<group>"; };
		FFA00E252789DB1F00F5FCFD /* AddHabitViewController.swift */ = {isa = PBXFileReference; lastKnownFileType = sourcecode.swift; path = AddHabitViewController.swift; sourceTree = "<group>"; };
		FFA00E292789E14E00F5FCFD /* HomeViewController.swift */ = {isa = PBXFileReference; lastKnownFileType = sourcecode.swift; path = HomeViewController.swift; sourceTree = "<group>"; };
		FFEFBCB227C3997800CBAF1E /* CornerExtension.swift */ = {isa = PBXFileReference; lastKnownFileType = sourcecode.swift; path = CornerExtension.swift; sourceTree = "<group>"; };
		FFEFBCB427C39EC400CBAF1E /* PlaceholderExtension.swift */ = {isa = PBXFileReference; lastKnownFileType = sourcecode.swift; path = PlaceholderExtension.swift; sourceTree = "<group>"; };
/* End PBXFileReference section */

/* Begin PBXFrameworksBuildPhase section */
		FFA00DE92789B63D00F5FCFD /* Frameworks */ = {
			isa = PBXFrameworksBuildPhase;
			buildActionMask = 2147483647;
			files = (
				905706C960B143599307698A /* Pods_Habit21.framework in Frameworks */,
			);
			runOnlyForDeploymentPostprocessing = 0;
		};
/* End PBXFrameworksBuildPhase section */

/* Begin PBXGroup section */
		4A4A73FE29F668D2000912A8 /* Slide */ = {
			isa = PBXGroup;
			children = (
				4A4A73FF29F668D2000912A8 /* Slide.swift */,
				4AE9345729F7E4DB00176EEF /* Slide.xib */,
			);
			path = Slide;
			sourceTree = "<group>";
		};
		4AE9343C29F7E05600176EEF /* Fonts */ = {
			isa = PBXGroup;
			children = (
				4AE9344329F7E07400176EEF /* RooneySansBlk.OTF */,
				4AE9343D29F7E07400176EEF /* RooneySansBlkIt.OTF */,
				4AE9344029F7E07400176EEF /* RooneySansBold.OTF */,
				4AE9344529F7E07400176EEF /* RooneySansBoldIt.OTF */,
				4AE9344429F7E07400176EEF /* RooneySansHv.OTF */,
				4AE9343F29F7E07400176EEF /* RooneySansHvIt.OTF */,
				4AE9344129F7E07400176EEF /* RooneySansItalic.OTF */,
				4AE9344629F7E07400176EEF /* RooneySansLight.OTF */,
				4AE9344229F7E07400176EEF /* RooneySansLightIt.OTF */,
				4AE9344729F7E07500176EEF /* RooneySansMedium.OTF */,
				4AE9343E29F7E07400176EEF /* RooneySansMediumIt.otf */,
				4AE9344829F7E07500176EEF /* RooneySansRegular.OTF */,
			);
			path = Fonts;
			sourceTree = "<group>";
		};
		8D3EA3E4BBD62563B3ADFB88 /* Frameworks */ = {
			isa = PBXGroup;
			children = (
				02805560C5ED1AFC5339729F /* Pods_Habit21.framework */,
			);
			name = Frameworks;
			sourceTree = "<group>";
		};
		D952E225E50C54D2F5F5F963 /* Pods */ = {
			isa = PBXGroup;
			children = (
				0478EC3CBEB0B2C8AFE759C9 /* Pods-Habit21.debug.xcconfig */,
				B69AF628FCEDAF5DC736E759 /* Pods-Habit21.release.xcconfig */,
			);
			path = Pods;
			sourceTree = "<group>";
		};
		FF2D7D852796C909000A74E1 /* Model */ = {
			isa = PBXGroup;
			children = (
				FF69D45327940B1F00BAB352 /* Habit.swift */,
				FF81A4BF278ED6E80051D318 /* Reminder.swift */,
				4AE5C0FC2A09202C0006A225 /* QuotesResponse.swift */,
				4AEF448129FA4FFC00A0C110 /* CircularProgressView.swift */,
			);
			path = Model;
			sourceTree = "<group>";
		};
		FF2D7D862796C921000A74E1 /* Controller */ = {
			isa = PBXGroup;
			children = (
				4A4A73FC29F668BA000912A8 /* IntroViewController.swift */,
				FF18A48127BBF5DF001CCA4B /* SetNameViewController.swift */,
				4A835A4929F8044800E13144 /* WelcomeViewController.swift */,
				FFA00E292789E14E00F5FCFD /* HomeViewController.swift */,
				FFA00E252789DB1F00F5FCFD /* AddHabitViewController.swift */,
			);
			path = Controller;
			sourceTree = "<group>";
		};
		FF2D7D872796C936000A74E1 /* Cell */ = {
			isa = PBXGroup;
			children = (
				FF69D45527940C0B00BAB352 /* HabitTableViewCell.swift */,
				FF81A4BD278ED4DA0051D318 /* ReminderTableViewCell.swift */,
				FF48981B27C21A0F00A908EA /* DropDownTableViewCell.swift */,
			);
			path = Cell;
			sourceTree = "<group>";
		};
		FFA00DE32789B63D00F5FCFD = {
			isa = PBXGroup;
			children = (
				FFA00DEE2789B63D00F5FCFD /* Habit21 */,
				FFA00DED2789B63D00F5FCFD /* Products */,
				D952E225E50C54D2F5F5F963 /* Pods */,
				8D3EA3E4BBD62563B3ADFB88 /* Frameworks */,
			);
			sourceTree = "<group>";
		};
		FFA00DED2789B63D00F5FCFD /* Products */ = {
			isa = PBXGroup;
			children = (
				FFA00DEC2789B63D00F5FCFD /* Habit21.app */,
			);
			name = Products;
			sourceTree = "<group>";
		};
		FFA00DEE2789B63D00F5FCFD /* Habit21 */ = {
			isa = PBXGroup;
			children = (
				FFB22F5828068CDC00599D7D /* View */,
				FF2D7D862796C921000A74E1 /* Controller */,
				FF2D7D872796C936000A74E1 /* Cell */,
				FF2D7D852796C909000A74E1 /* Model */,
				FFEFBCB127C3992900CBAF1E /* Utils */,
				4AE9343C29F7E05600176EEF /* Fonts */,
				FFA00DEF2789B63D00F5FCFD /* AppDelegate.swift */,
				FFA00DF82789B64000F5FCFD /* Assets.xcassets */,
				FFA00DFD2789B64000F5FCFD /* Info.plist */,
			);
			path = Habit21;
			sourceTree = "<group>";
		};
		FFB22F5828068CDC00599D7D /* View */ = {
			isa = PBXGroup;
			children = (
				FFA00DF52789B63D00F5FCFD /* Main.storyboard */,
				FFA00DFA2789B64000F5FCFD /* LaunchScreen.storyboard */,
				4A4A73FE29F668D2000912A8 /* Slide */,
			);
			path = View;
			sourceTree = "<group>";
		};
		FFEFBCB127C3992900CBAF1E /* Utils */ = {
			isa = PBXGroup;
			children = (
				FFEFBCB227C3997800CBAF1E /* CornerExtension.swift */,
				FFEFBCB427C39EC400CBAF1E /* PlaceholderExtension.swift */,
				4ACBED2F2A07BE4900255740 /* TableViewExtension.swift */,
				4AF483762A0A3F3900DF5BEA /* JustifyExtension.swift */,
			);
			path = Utils;
			sourceTree = "<group>";
		};
/* End PBXGroup section */

/* Begin PBXNativeTarget section */
		FFA00DEB2789B63D00F5FCFD /* Habit21 */ = {
			isa = PBXNativeTarget;
			buildConfigurationList = FFA00E002789B64000F5FCFD /* Build configuration list for PBXNativeTarget "Habit21" */;
			buildPhases = (
				BB5EFCE91966A96AB638474D /* [CP] Check Pods Manifest.lock */,
				FFA00DE82789B63D00F5FCFD /* Sources */,
				FFA00DE92789B63D00F5FCFD /* Frameworks */,
				FFA00DEA2789B63D00F5FCFD /* Resources */,
				C80863D17E82736725156FD2 /* [CP] Embed Pods Frameworks */,
			);
			buildRules = (
			);
			dependencies = (
			);
			name = Habit21;
			productName = Habit21;
			productReference = FFA00DEC2789B63D00F5FCFD /* Habit21.app */;
			productType = "com.apple.product-type.application";
		};
/* End PBXNativeTarget section */

/* Begin PBXProject section */
		FFA00DE42789B63D00F5FCFD /* Project object */ = {
			isa = PBXProject;
			attributes = {
				BuildIndependentTargetsInParallel = 1;
				LastSwiftUpdateCheck = 1320;
				LastUpgradeCheck = 1320;
				TargetAttributes = {
					FFA00DEB2789B63D00F5FCFD = {
						CreatedOnToolsVersion = 13.2.1;
					};
				};
			};
			buildConfigurationList = FFA00DE72789B63D00F5FCFD /* Build configuration list for PBXProject "Habit21" */;
			compatibilityVersion = "Xcode 13.0";
			developmentRegion = en;
			hasScannedForEncodings = 0;
			knownRegions = (
				en,
				Base,
			);
			mainGroup = FFA00DE32789B63D00F5FCFD;
			productRefGroup = FFA00DED2789B63D00F5FCFD /* Products */;
			projectDirPath = "";
			projectRoot = "";
			targets = (
				FFA00DEB2789B63D00F5FCFD /* Habit21 */,
			);
		};
/* End PBXProject section */

/* Begin PBXResourcesBuildPhase section */
		FFA00DEA2789B63D00F5FCFD /* Resources */ = {
			isa = PBXResourcesBuildPhase;
			buildActionMask = 2147483647;
			files = (
				4AE9344929F7E07500176EEF /* RooneySansBlkIt.OTF in Resources */,
				FFA00DFC2789B64000F5FCFD /* LaunchScreen.storyboard in Resources */,
				4AE9344A29F7E07500176EEF /* RooneySansMediumIt.otf in Resources */,
				4AE9345829F7E4DB00176EEF /* Slide.xib in Resources */,
				4AE9344C29F7E07500176EEF /* RooneySansBold.OTF in Resources */,
				4AE9344D29F7E07500176EEF /* RooneySansItalic.OTF in Resources */,
				4AE9345129F7E07500176EEF /* RooneySansBoldIt.OTF in Resources */,
				4AE9345329F7E07500176EEF /* RooneySansMedium.OTF in Resources */,
				FFA00DF92789B64000F5FCFD /* Assets.xcassets in Resources */,
				4AE9344E29F7E07500176EEF /* RooneySansLightIt.OTF in Resources */,
				FFA00DF72789B63D00F5FCFD /* Main.storyboard in Resources */,
				4AE9344B29F7E07500176EEF /* RooneySansHvIt.OTF in Resources */,
				4AE9345029F7E07500176EEF /* RooneySansHv.OTF in Resources */,
				4AE9344F29F7E07500176EEF /* RooneySansBlk.OTF in Resources */,
				4AE9345229F7E07500176EEF /* RooneySansLight.OTF in Resources */,
				4AE9345429F7E07500176EEF /* RooneySansRegular.OTF in Resources */,
			);
			runOnlyForDeploymentPostprocessing = 0;
		};
/* End PBXResourcesBuildPhase section */

/* Begin PBXShellScriptBuildPhase section */
		BB5EFCE91966A96AB638474D /* [CP] Check Pods Manifest.lock */ = {
			isa = PBXShellScriptBuildPhase;
			buildActionMask = 2147483647;
			files = (
			);
			inputFileListPaths = (
			);
			inputPaths = (
				"${PODS_PODFILE_DIR_PATH}/Podfile.lock",
				"${PODS_ROOT}/Manifest.lock",
			);
			name = "[CP] Check Pods Manifest.lock";
			outputFileListPaths = (
			);
			outputPaths = (
				"$(DERIVED_FILE_DIR)/Pods-Habit21-checkManifestLockResult.txt",
			);
			runOnlyForDeploymentPostprocessing = 0;
			shellPath = /bin/sh;
			shellScript = "diff \"${PODS_PODFILE_DIR_PATH}/Podfile.lock\" \"${PODS_ROOT}/Manifest.lock\" > /dev/null\nif [ $? != 0 ] ; then\n    # print error to STDERR\n    echo \"error: The sandbox is not in sync with the Podfile.lock. Run 'pod install' or update your CocoaPods installation.\" >&2\n    exit 1\nfi\n# This output is used by Xcode 'outputs' to avoid re-running this script phase.\necho \"SUCCESS\" > \"${SCRIPT_OUTPUT_FILE_0}\"\n";
			showEnvVarsInLog = 0;
		};
		C80863D17E82736725156FD2 /* [CP] Embed Pods Frameworks */ = {
			isa = PBXShellScriptBuildPhase;
			buildActionMask = 2147483647;
			files = (
			);
			inputFileListPaths = (
				"${PODS_ROOT}/Target Support Files/Pods-Habit21/Pods-Habit21-frameworks-${CONFIGURATION}-input-files.xcfilelist",
			);
			name = "[CP] Embed Pods Frameworks";
			outputFileListPaths = (
				"${PODS_ROOT}/Target Support Files/Pods-Habit21/Pods-Habit21-frameworks-${CONFIGURATION}-output-files.xcfilelist",
			);
			runOnlyForDeploymentPostprocessing = 0;
			shellPath = /bin/sh;
			shellScript = "\"${PODS_ROOT}/Target Support Files/Pods-Habit21/Pods-Habit21-frameworks.sh\"\n";
			showEnvVarsInLog = 0;
		};
/* End PBXShellScriptBuildPhase section */

/* Begin PBXSourcesBuildPhase section */
		FFA00DE82789B63D00F5FCFD /* Sources */ = {
			isa = PBXSourcesBuildPhase;
			buildActionMask = 2147483647;
			files = (
				FFA00E262789DB1F00F5FCFD /* AddHabitViewController.swift in Sources */,
				FF48981C27C21A0F00A908EA /* DropDownTableViewCell.swift in Sources */,
				FFEFBCB327C3997800CBAF1E /* CornerExtension.swift in Sources */,
				4A835A4A29F8044800E13144 /* WelcomeViewController.swift in Sources */,
				FF81A4C0278ED6E80051D318 /* Reminder.swift in Sources */,
				4A4A740129F668D2000912A8 /* Slide.swift in Sources */,
				FF81A4BE278ED4DA0051D318 /* ReminderTableViewCell.swift in Sources */,
				4A4A73FD29F668BA000912A8 /* IntroViewController.swift in Sources */,
				FF69D45427940B1F00BAB352 /* Habit.swift in Sources */,
				4AEF448229FA4FFC00A0C110 /* CircularProgressView.swift in Sources */,
				4AE5C0FD2A09202C0006A225 /* QuotesResponse.swift in Sources */,
				4ACBED302A07BE4900255740 /* TableViewExtension.swift in Sources */,
				FFA00DF02789B63D00F5FCFD /* AppDelegate.swift in Sources */,
				FF18A48227BBF5DF001CCA4B /* SetNameViewController.swift in Sources */,
				FFEFBCB527C39EC400CBAF1E /* PlaceholderExtension.swift in Sources */,
				FF69D45627940C0B00BAB352 /* HabitTableViewCell.swift in Sources */,
				4AF483772A0A3F3900DF5BEA /* JustifyExtension.swift in Sources */,
				FFA00E2A2789E14E00F5FCFD /* HomeViewController.swift in Sources */,
			);
			runOnlyForDeploymentPostprocessing = 0;
		};
/* End PBXSourcesBuildPhase section */

/* Begin PBXVariantGroup section */
		FFA00DF52789B63D00F5FCFD /* Main.storyboard */ = {
			isa = PBXVariantGroup;
			children = (
				FFA00DF62789B63D00F5FCFD /* Base */,
			);
			name = Main.storyboard;
			sourceTree = "<group>";
		};
		FFA00DFA2789B64000F5FCFD /* LaunchScreen.storyboard */ = {
			isa = PBXVariantGroup;
			children = (
				FFA00DFB2789B64000F5FCFD /* Base */,
			);
			name = LaunchScreen.storyboard;
			sourceTree = "<group>";
		};
/* End PBXVariantGroup section */

/* Begin XCBuildConfiguration section */
		FFA00DFE2789B64000F5FCFD /* Debug */ = {
			isa = XCBuildConfiguration;
			buildSettings = {
				ALWAYS_SEARCH_USER_PATHS = NO;
				CLANG_ANALYZER_NONNULL = YES;
				CLANG_ANALYZER_NUMBER_OBJECT_CONVERSION = YES_AGGRESSIVE;
				CLANG_CXX_LANGUAGE_STANDARD = "gnu++17";
				CLANG_CXX_LIBRARY = "libc++";
				CLANG_ENABLE_MODULES = YES;
				CLANG_ENABLE_OBJC_ARC = YES;
				CLANG_ENABLE_OBJC_WEAK = YES;
				CLANG_WARN_BLOCK_CAPTURE_AUTORELEASING = YES;
				CLANG_WARN_BOOL_CONVERSION = YES;
				CLANG_WARN_COMMA = YES;
				CLANG_WARN_CONSTANT_CONVERSION = YES;
				CLANG_WARN_DEPRECATED_OBJC_IMPLEMENTATIONS = YES;
				CLANG_WARN_DIRECT_OBJC_ISA_USAGE = YES_ERROR;
				CLANG_WARN_DOCUMENTATION_COMMENTS = YES;
				CLANG_WARN_EMPTY_BODY = YES;
				CLANG_WARN_ENUM_CONVERSION = YES;
				CLANG_WARN_INFINITE_RECURSION = YES;
				CLANG_WARN_INT_CONVERSION = YES;
				CLANG_WARN_NON_LITERAL_NULL_CONVERSION = YES;
				CLANG_WARN_OBJC_IMPLICIT_RETAIN_SELF = YES;
				CLANG_WARN_OBJC_LITERAL_CONVERSION = YES;
				CLANG_WARN_OBJC_ROOT_CLASS = YES_ERROR;
				CLANG_WARN_QUOTED_INCLUDE_IN_FRAMEWORK_HEADER = YES;
				CLANG_WARN_RANGE_LOOP_ANALYSIS = YES;
				CLANG_WARN_STRICT_PROTOTYPES = YES;
				CLANG_WARN_SUSPICIOUS_MOVE = YES;
				CLANG_WARN_UNGUARDED_AVAILABILITY = YES_AGGRESSIVE;
				CLANG_WARN_UNREACHABLE_CODE = YES;
				CLANG_WARN__DUPLICATE_METHOD_MATCH = YES;
				COPY_PHASE_STRIP = NO;
				DEBUG_INFORMATION_FORMAT = dwarf;
				ENABLE_STRICT_OBJC_MSGSEND = YES;
				ENABLE_TESTABILITY = YES;
				"EXCLUDED_ARCHS[sdk=iphonesimulator*]" = arm64;
				GCC_C_LANGUAGE_STANDARD = gnu11;
				GCC_DYNAMIC_NO_PIC = NO;
				GCC_NO_COMMON_BLOCKS = YES;
				GCC_OPTIMIZATION_LEVEL = 0;
				GCC_PREPROCESSOR_DEFINITIONS = (
					"DEBUG=1",
					"$(inherited)",
				);
				GCC_WARN_64_TO_32_BIT_CONVERSION = YES;
				GCC_WARN_ABOUT_RETURN_TYPE = YES_ERROR;
				GCC_WARN_UNDECLARED_SELECTOR = YES;
				GCC_WARN_UNINITIALIZED_AUTOS = YES_AGGRESSIVE;
				GCC_WARN_UNUSED_FUNCTION = YES;
				GCC_WARN_UNUSED_VARIABLE = YES;
				IPHONEOS_DEPLOYMENT_TARGET = 14.0;
				MTL_ENABLE_DEBUG_INFO = INCLUDE_SOURCE;
				MTL_FAST_MATH = YES;
				ONLY_ACTIVE_ARCH = YES;
				SDKROOT = iphoneos;
				SWIFT_ACTIVE_COMPILATION_CONDITIONS = DEBUG;
				SWIFT_OPTIMIZATION_LEVEL = "-Onone";
			};
			name = Debug;
		};
		FFA00DFF2789B64000F5FCFD /* Release */ = {
			isa = XCBuildConfiguration;
			buildSettings = {
				ALWAYS_SEARCH_USER_PATHS = NO;
				CLANG_ANALYZER_NONNULL = YES;
				CLANG_ANALYZER_NUMBER_OBJECT_CONVERSION = YES_AGGRESSIVE;
				CLANG_CXX_LANGUAGE_STANDARD = "gnu++17";
				CLANG_CXX_LIBRARY = "libc++";
				CLANG_ENABLE_MODULES = YES;
				CLANG_ENABLE_OBJC_ARC = YES;
				CLANG_ENABLE_OBJC_WEAK = YES;
				CLANG_WARN_BLOCK_CAPTURE_AUTORELEASING = YES;
				CLANG_WARN_BOOL_CONVERSION = YES;
				CLANG_WARN_COMMA = YES;
				CLANG_WARN_CONSTANT_CONVERSION = YES;
				CLANG_WARN_DEPRECATED_OBJC_IMPLEMENTATIONS = YES;
				CLANG_WARN_DIRECT_OBJC_ISA_USAGE = YES_ERROR;
				CLANG_WARN_DOCUMENTATION_COMMENTS = YES;
				CLANG_WARN_EMPTY_BODY = YES;
				CLANG_WARN_ENUM_CONVERSION = YES;
				CLANG_WARN_INFINITE_RECURSION = YES;
				CLANG_WARN_INT_CONVERSION = YES;
				CLANG_WARN_NON_LITERAL_NULL_CONVERSION = YES;
				CLANG_WARN_OBJC_IMPLICIT_RETAIN_SELF = YES;
				CLANG_WARN_OBJC_LITERAL_CONVERSION = YES;
				CLANG_WARN_OBJC_ROOT_CLASS = YES_ERROR;
				CLANG_WARN_QUOTED_INCLUDE_IN_FRAMEWORK_HEADER = YES;
				CLANG_WARN_RANGE_LOOP_ANALYSIS = YES;
				CLANG_WARN_STRICT_PROTOTYPES = YES;
				CLANG_WARN_SUSPICIOUS_MOVE = YES;
				CLANG_WARN_UNGUARDED_AVAILABILITY = YES_AGGRESSIVE;
				CLANG_WARN_UNREACHABLE_CODE = YES;
				CLANG_WARN__DUPLICATE_METHOD_MATCH = YES;
				COPY_PHASE_STRIP = NO;
				DEBUG_INFORMATION_FORMAT = "dwarf-with-dsym";
				ENABLE_NS_ASSERTIONS = NO;
				ENABLE_STRICT_OBJC_MSGSEND = YES;
				"EXCLUDED_ARCHS[sdk=iphonesimulator*]" = arm64;
				GCC_C_LANGUAGE_STANDARD = gnu11;
				GCC_NO_COMMON_BLOCKS = YES;
				GCC_WARN_64_TO_32_BIT_CONVERSION = YES;
				GCC_WARN_ABOUT_RETURN_TYPE = YES_ERROR;
				GCC_WARN_UNDECLARED_SELECTOR = YES;
				GCC_WARN_UNINITIALIZED_AUTOS = YES_AGGRESSIVE;
				GCC_WARN_UNUSED_FUNCTION = YES;
				GCC_WARN_UNUSED_VARIABLE = YES;
				IPHONEOS_DEPLOYMENT_TARGET = 14.0;
				MTL_ENABLE_DEBUG_INFO = NO;
				MTL_FAST_MATH = YES;
				SDKROOT = iphoneos;
				SWIFT_COMPILATION_MODE = wholemodule;
				SWIFT_OPTIMIZATION_LEVEL = "-O";
				VALIDATE_PRODUCT = YES;
			};
			name = Release;
		};
		FFA00E012789B64000F5FCFD /* Debug */ = {
			isa = XCBuildConfiguration;
			baseConfigurationReference = 0478EC3CBEB0B2C8AFE759C9 /* Pods-Habit21.debug.xcconfig */;
			buildSettings = {
				ASSETCATALOG_COMPILER_APPICON_NAME = AppIcon;
				ASSETCATALOG_COMPILER_GLOBAL_ACCENT_COLOR_NAME = AccentColor;
				CODE_SIGN_STYLE = Automatic;
				CURRENT_PROJECT_VERSION = 1;
				DEVELOPMENT_TEAM = 3Q4H9SV5Z6;
				GENERATE_INFOPLIST_FILE = YES;
				INFOPLIST_FILE = Habit21/Info.plist;
				INFOPLIST_KEY_UIApplicationSupportsIndirectInputEvents = YES;
				INFOPLIST_KEY_UILaunchStoryboardName = LaunchScreen;
				INFOPLIST_KEY_UIMainStoryboardFile = Main;
				INFOPLIST_KEY_UISupportedInterfaceOrientations = UIInterfaceOrientationPortrait;
				INFOPLIST_KEY_UISupportedInterfaceOrientations_iPad = "UIInterfaceOrientationLandscapeLeft UIInterfaceOrientationLandscapeRight UIInterfaceOrientationPortrait UIInterfaceOrientationPortraitUpsideDown";
				IPHONEOS_DEPLOYMENT_TARGET = 14.0;
				LD_RUNPATH_SEARCH_PATHS = (
					"$(inherited)",
					"@executable_path/Frameworks",
				);
				MARKETING_VERSION = 1.0;
				PRODUCT_BUNDLE_IDENTIFIER = com.habitMinder.21Days;
				PRODUCT_NAME = "$(TARGET_NAME)";
				SUPPORTED_PLATFORMS = "iphoneos iphonesimulator";
				SUPPORTS_MACCATALYST = NO;
				SUPPORTS_MAC_DESIGNED_FOR_IPHONE_IPAD = NO;
				SWIFT_EMIT_LOC_STRINGS = YES;
				SWIFT_VERSION = 5.0;
				TARGETED_DEVICE_FAMILY = 1;
			};
			name = Debug;
		};
		FFA00E022789B64000F5FCFD /* Release */ = {
			isa = XCBuildConfiguration;
			baseConfigurationReference = B69AF628FCEDAF5DC736E759 /* Pods-Habit21.release.xcconfig */;
			buildSettings = {
				ASSETCATALOG_COMPILER_APPICON_NAME = AppIcon;
				ASSETCATALOG_COMPILER_GLOBAL_ACCENT_COLOR_NAME = AccentColor;
				CODE_SIGN_STYLE = Automatic;
				CURRENT_PROJECT_VERSION = 1;
				DEVELOPMENT_TEAM = 3Q4H9SV5Z6;
				GENERATE_INFOPLIST_FILE = YES;
				INFOPLIST_FILE = Habit21/Info.plist;
				INFOPLIST_KEY_UIApplicationSupportsIndirectInputEvents = YES;
				INFOPLIST_KEY_UILaunchStoryboardName = LaunchScreen;
				INFOPLIST_KEY_UIMainStoryboardFile = Main;
				INFOPLIST_KEY_UISupportedInterfaceOrientations = UIInterfaceOrientationPortrait;
				INFOPLIST_KEY_UISupportedInterfaceOrientations_iPad = "UIInterfaceOrientationLandscapeLeft UIInterfaceOrientationLandscapeRight UIInterfaceOrientationPortrait UIInterfaceOrientationPortraitUpsideDown";
				IPHONEOS_DEPLOYMENT_TARGET = 14.0;
				LD_RUNPATH_SEARCH_PATHS = (
					"$(inherited)",
					"@executable_path/Frameworks",
				);
				MARKETING_VERSION = 1.0;
				PRODUCT_BUNDLE_IDENTIFIER = com.habitMinder.21Days;
				PRODUCT_NAME = "$(TARGET_NAME)";
				SUPPORTED_PLATFORMS = "iphoneos iphonesimulator";
				SUPPORTS_MACCATALYST = NO;
				SUPPORTS_MAC_DESIGNED_FOR_IPHONE_IPAD = NO;
				SWIFT_EMIT_LOC_STRINGS = YES;
				SWIFT_VERSION = 5.0;
				TARGETED_DEVICE_FAMILY = 1;
			};
			name = Release;
		};
/* End XCBuildConfiguration section */

/* Begin XCConfigurationList section */
		FFA00DE72789B63D00F5FCFD /* Build configuration list for PBXProject "Habit21" */ = {
			isa = XCConfigurationList;
			buildConfigurations = (
				FFA00DFE2789B64000F5FCFD /* Debug */,
				FFA00DFF2789B64000F5FCFD /* Release */,
			);
			defaultConfigurationIsVisible = 0;
			defaultConfigurationName = Release;
		};
		FFA00E002789B64000F5FCFD /* Build configuration list for PBXNativeTarget "Habit21" */ = {
			isa = XCConfigurationList;
			buildConfigurations = (
				FFA00E012789B64000F5FCFD /* Debug */,
				FFA00E022789B64000F5FCFD /* Release */,
			);
			defaultConfigurationIsVisible = 0;
			defaultConfigurationName = Release;
		};
/* End XCConfigurationList section */
	};
	rootObject = FFA00DE42789B63D00F5FCFD /* Project object */;
}
